
Microsoft Visual Studio Solution File, Format Version 12.00
# Visual Studio Version 17
VisualStudioVersion = 17.14.36518.9 d17.14
MinimumVisualStudioVersion = 10.0.40219.1
Project("{FAE04EC0-301F-11D3-BF4B-00C04F79EFBC}") = "console_backend", "console_backend\console_backend.csproj", "{5D917C77-A44E-4D67-B904-61691786F672}"
EndProject
Global
	GlobalSection(SolutionConfigurationPlatforms) = preSolution
		Debug|Any CPU = Debug|Any CPU
		Release|Any CPU = Release|Any CPU
	EndGlobalSection
	GlobalSection(ProjectConfigurationPlatforms) = postSolution
		{5D917C77-A44E-4D67-B904-61691786F672}.Debug|Any CPU.ActiveCfg = Debug|Any CPU
		{5D917C77-A44E-4D67-B904-61691786F672}.Debug|Any CPU.Build.0 = Debug|Any CPU
		{5D917C77-A44E-4D67-B904-61691786F672}.Release|Any CPU.ActiveCfg = Release|Any CPU
		{5D917C77-A44E-4D67-B904-61691786F672}.Release|Any CPU.Build.0 = Release|Any CPU
	EndGlobalSection
	GlobalSection(SolutionProperties) = preSolution
		HideSolutionNode = FALSE
	EndGlobalSection
	GlobalSection(ExtensibilityGlobals) = postSolution
		SolutionGuid = {E5BA0F92-FF37-4B38-91F4-32D5DED07EC2}
	EndGlobalSection
EndGlobal
